
Microsoft Visual Studio Solution File, Format Version 12.00
# Visual Studio 14
VisualStudioVersion = 14.0.25420.1
MinimumVisualStudioVersion = 10.0.40219.1
Project("{FAE04EC0-301F-11D3-BF4B-00C04F79EFBC}") = "Classes", "Classes\Classes.csproj", "{87C44A2B-AAED-4B20-898B-638F9A2ED036}"
EndProject
Project("{FAE04EC0-301F-11D3-BF4B-00C04F79EFBC}") = "Heranca", "Heranca\Heranca.csproj", "{3D9948D6-8F3E-451B-B855-2D2736F65A77}"
EndProject
Project("{FAE04EC0-301F-11D3-BF4B-00C04F79EFBC}") = "Polimorfismo", "Polimorfismo\Polimorfismo.csproj", "{F54F4620-753A-48D6-BD28-9F66402A436A}"
EndProject
Project("{FAE04EC0-301F-11D3-BF4B-00C04F79EFBC}") = "Encapsulamento", "Encapsulamento\Encapsulamento.csproj", "{5212C1E4-E11B-4B6D-9823-EA37C723D4A6}"
EndProject
Project("{FAE04EC0-301F-11D3-BF4B-00C04F79EFBC}") = "ClassesAbstracao", "ClassesAbstracao\ClassesAbstracao.csproj", "{32B82C65-91A7-4718-97BB-118718CDCA86}"
EndProject
Project("{FAE04EC0-301F-11D3-BF4B-00C04F79EFBC}") = "Interfaces", "Interfaces\Interfaces.csproj", "{F6E687CB-9B91-4741-BDB1-B8953BFDD527}"
EndProject
Project("{FAE04EC0-301F-11D3-BF4B-00C04F79EFBC}") = "Delegacao", "Delegacao\Delegacao.csproj", "{E13DA27F-8873-4A0D-BB2F-5132AB17E604}"
EndProject
Project("{FAE04EC0-301F-11D3-BF4B-00C04F79EFBC}") = "PadraoAbstractFactory", "AbstractFactory\PadraoAbstractFactory.csproj", "{5D4699E3-CD02-41F8-9413-66596D7E9F9A}"
EndProject
Project("{FAE04EC0-301F-11D3-BF4B-00C04F79EFBC}") = "PadraoBuilder", "PadraoBuilder\PadraoBuilder.csproj", "{00419AC9-26EB-4433-B2B6-51B99ED2F23D}"
EndProject
Project("{FAE04EC0-301F-11D3-BF4B-00C04F79EFBC}") = "PadraoFactoryMethod", "PadraoFactoryMethod\PadraoFactoryMethod.csproj", "{7543699A-D457-433F-A413-F6512BA89744}"
EndProject
Project("{FAE04EC0-301F-11D3-BF4B-00C04F79EFBC}") = "Prototype", "Prototype\Prototype.csproj", "{496C9F91-3949-4612-94E3-0F66654F757A}"
EndProject
Project("{FAE04EC0-301F-11D3-BF4B-00C04F79EFBC}") = "Singleton", "Singleton\Singleton.csproj", "{6BF47426-4141-4551-AC72-E6F9B6E7666B}"
EndProject
Project("{2150E333-8FDC-42A3-9474-1A3956D46DE8}") = "Padroes Estruturais", "Padroes Estruturais", "{CB3F5DD9-D3C7-45A2-919A-C449B28E0ED7}"
EndProject
Project("{2150E333-8FDC-42A3-9474-1A3956D46DE8}") = "PadroesCriacionais", "PadroesCriacionais", "{1E9855E9-7714-45EE-9BA9-BDA9D6407266}"
EndProject
Project("{FAE04EC0-301F-11D3-BF4B-00C04F79EFBC}") = "Adapter", "Adapter\Adapter.csproj", "{12AA66E1-AA43-42FC-875E-A42CC4E93842}"
EndProject
Project("{FAE04EC0-301F-11D3-BF4B-00C04F79EFBC}") = "Bridge", "Bridge\Bridge.csproj", "{2D111551-785A-4CD5-A1D2-945B0A95C86E}"
EndProject
Project("{FAE04EC0-301F-11D3-BF4B-00C04F79EFBC}") = "Composite", "Composite\Composite.csproj", "{E1DAF42A-E06C-4A5C-B290-00E7A1F17869}"
EndProject
Project("{FAE04EC0-301F-11D3-BF4B-00C04F79EFBC}") = "Decorator", "Decorator\Decorator.csproj", "{D390A4AF-5093-4BA3-9060-C243686E73E1}"
EndProject
Project("{FAE04EC0-301F-11D3-BF4B-00C04F79EFBC}") = "Facade", "Facade\Facade.csproj", "{F991E3E3-47A1-4EAA-80E5-964E2AF81087}"
EndProject
Project("{FAE04EC0-301F-11D3-BF4B-00C04F79EFBC}") = "Flyweight", "Flyweight\Flyweight.csproj", "{79BC50A9-D417-4512-B3BA-13C7D532F884}"
EndProject
Project("{FAE04EC0-301F-11D3-BF4B-00C04F79EFBC}") = "Proxy", "Proxy\Proxy.csproj", "{7CA0DE23-57BE-47A2-A8D0-E4762B134393}"
EndProject
Global
	GlobalSection(SolutionConfigurationPlatforms) = preSolution
		Debug|Any CPU = Debug|Any CPU
		Release|Any CPU = Release|Any CPU
	EndGlobalSection
	GlobalSection(ProjectConfigurationPlatforms) = postSolution
		{87C44A2B-AAED-4B20-898B-638F9A2ED036}.Debug|Any CPU.ActiveCfg = Debug|Any CPU
		{87C44A2B-AAED-4B20-898B-638F9A2ED036}.Debug|Any CPU.Build.0 = Debug|Any CPU
		{87C44A2B-AAED-4B20-898B-638F9A2ED036}.Release|Any CPU.ActiveCfg = Release|Any CPU
		{87C44A2B-AAED-4B20-898B-638F9A2ED036}.Release|Any CPU.Build.0 = Release|Any CPU
		{3D9948D6-8F3E-451B-B855-2D2736F65A77}.Debug|Any CPU.ActiveCfg = Debug|Any CPU
		{3D9948D6-8F3E-451B-B855-2D2736F65A77}.Debug|Any CPU.Build.0 = Debug|Any CPU
		{3D9948D6-8F3E-451B-B855-2D2736F65A77}.Release|Any CPU.ActiveCfg = Release|Any CPU
		{3D9948D6-8F3E-451B-B855-2D2736F65A77}.Release|Any CPU.Build.0 = Release|Any CPU
		{F54F4620-753A-48D6-BD28-9F66402A436A}.Debug|Any CPU.ActiveCfg = Debug|Any CPU
		{F54F4620-753A-48D6-BD28-9F66402A436A}.Debug|Any CPU.Build.0 = Debug|Any CPU
		{F54F4620-753A-48D6-BD28-9F66402A436A}.Release|Any CPU.ActiveCfg = Release|Any CPU
		{F54F4620-753A-48D6-BD28-9F66402A436A}.Release|Any CPU.Build.0 = Release|Any CPU
		{5212C1E4-E11B-4B6D-9823-EA37C723D4A6}.Debug|Any CPU.ActiveCfg = Debug|Any CPU
		{5212C1E4-E11B-4B6D-9823-EA37C723D4A6}.Debug|Any CPU.Build.0 = Debug|Any CPU
		{5212C1E4-E11B-4B6D-9823-EA37C723D4A6}.Release|Any CPU.ActiveCfg = Release|Any CPU
		{5212C1E4-E11B-4B6D-9823-EA37C723D4A6}.Release|Any CPU.Build.0 = Release|Any CPU
		{32B82C65-91A7-4718-97BB-118718CDCA86}.Debug|Any CPU.ActiveCfg = Debug|Any CPU
		{32B82C65-91A7-4718-97BB-118718CDCA86}.Debug|Any CPU.Build.0 = Debug|Any CPU
		{32B82C65-91A7-4718-97BB-118718CDCA86}.Release|Any CPU.ActiveCfg = Release|Any CPU
		{32B82C65-91A7-4718-97BB-118718CDCA86}.Release|Any CPU.Build.0 = Release|Any CPU
		{F6E687CB-9B91-4741-BDB1-B8953BFDD527}.Debug|Any CPU.ActiveCfg = Debug|Any CPU
		{F6E687CB-9B91-4741-BDB1-B8953BFDD527}.Debug|Any CPU.Build.0 = Debug|Any CPU
		{F6E687CB-9B91-4741-BDB1-B8953BFDD527}.Release|Any CPU.ActiveCfg = Release|Any CPU
		{F6E687CB-9B91-4741-BDB1-B8953BFDD527}.Release|Any CPU.Build.0 = Release|Any CPU
		{E13DA27F-8873-4A0D-BB2F-5132AB17E604}.Debug|Any CPU.ActiveCfg = Debug|Any CPU
		{E13DA27F-8873-4A0D-BB2F-5132AB17E604}.Debug|Any CPU.Build.0 = Debug|Any CPU
		{E13DA27F-8873-4A0D-BB2F-5132AB17E604}.Release|Any CPU.ActiveCfg = Release|Any CPU
		{E13DA27F-8873-4A0D-BB2F-5132AB17E604}.Release|Any CPU.Build.0 = Release|Any CPU
		{5D4699E3-CD02-41F8-9413-66596D7E9F9A}.Debug|Any CPU.ActiveCfg = Debug|Any CPU
		{5D4699E3-CD02-41F8-9413-66596D7E9F9A}.Debug|Any CPU.Build.0 = Debug|Any CPU
		{5D4699E3-CD02-41F8-9413-66596D7E9F9A}.Release|Any CPU.ActiveCfg = Release|Any CPU
		{5D4699E3-CD02-41F8-9413-66596D7E9F9A}.Release|Any CPU.Build.0 = Release|Any CPU
		{00419AC9-26EB-4433-B2B6-51B99ED2F23D}.Debug|Any CPU.ActiveCfg = Debug|Any CPU
		{00419AC9-26EB-4433-B2B6-51B99ED2F23D}.Debug|Any CPU.Build.0 = Debug|Any CPU
		{00419AC9-26EB-4433-B2B6-51B99ED2F23D}.Release|Any CPU.ActiveCfg = Release|Any CPU
		{00419AC9-26EB-4433-B2B6-51B99ED2F23D}.Release|Any CPU.Build.0 = Release|Any CPU
		{7543699A-D457-433F-A413-F6512BA89744}.Debug|Any CPU.ActiveCfg = Debug|Any CPU
		{7543699A-D457-433F-A413-F6512BA89744}.Debug|Any CPU.Build.0 = Debug|Any CPU
		{7543699A-D457-433F-A413-F6512BA89744}.Release|Any CPU.ActiveCfg = Release|Any CPU
		{7543699A-D457-433F-A413-F6512BA89744}.Release|Any CPU.Build.0 = Release|Any CPU
		{496C9F91-3949-4612-94E3-0F66654F757A}.Debug|Any CPU.ActiveCfg = Debug|Any CPU
		{496C9F91-3949-4612-94E3-0F66654F757A}.Debug|Any CPU.Build.0 = Debug|Any CPU
		{496C9F91-3949-4612-94E3-0F66654F757A}.Release|Any CPU.ActiveCfg = Release|Any CPU
		{496C9F91-3949-4612-94E3-0F66654F757A}.Release|Any CPU.Build.0 = Release|Any CPU
		{6BF47426-4141-4551-AC72-E6F9B6E7666B}.Debug|Any CPU.ActiveCfg = Debug|Any CPU
		{6BF47426-4141-4551-AC72-E6F9B6E7666B}.Debug|Any CPU.Build.0 = Debug|Any CPU
		{6BF47426-4141-4551-AC72-E6F9B6E7666B}.Release|Any CPU.ActiveCfg = Release|Any CPU
		{6BF47426-4141-4551-AC72-E6F9B6E7666B}.Release|Any CPU.Build.0 = Release|Any CPU
		{12AA66E1-AA43-42FC-875E-A42CC4E93842}.Debug|Any CPU.ActiveCfg = Debug|Any CPU
		{12AA66E1-AA43-42FC-875E-A42CC4E93842}.Debug|Any CPU.Build.0 = Debug|Any CPU
		{12AA66E1-AA43-42FC-875E-A42CC4E93842}.Release|Any CPU.ActiveCfg = Release|Any CPU
		{12AA66E1-AA43-42FC-875E-A42CC4E93842}.Release|Any CPU.Build.0 = Release|Any CPU
		{2D111551-785A-4CD5-A1D2-945B0A95C86E}.Debug|Any CPU.ActiveCfg = Debug|Any CPU
		{2D111551-785A-4CD5-A1D2-945B0A95C86E}.Debug|Any CPU.Build.0 = Debug|Any CPU
		{2D111551-785A-4CD5-A1D2-945B0A95C86E}.Release|Any CPU.ActiveCfg = Release|Any CPU
		{2D111551-785A-4CD5-A1D2-945B0A95C86E}.Release|Any CPU.Build.0 = Release|Any CPU
		{E1DAF42A-E06C-4A5C-B290-00E7A1F17869}.Debug|Any CPU.ActiveCfg = Debug|Any CPU
		{E1DAF42A-E06C-4A5C-B290-00E7A1F17869}.Debug|Any CPU.Build.0 = Debug|Any CPU
		{E1DAF42A-E06C-4A5C-B290-00E7A1F17869}.Release|Any CPU.ActiveCfg = Release|Any CPU
		{E1DAF42A-E06C-4A5C-B290-00E7A1F17869}.Release|Any CPU.Build.0 = Release|Any CPU
		{D390A4AF-5093-4BA3-9060-C243686E73E1}.Debug|Any CPU.ActiveCfg = Debug|Any CPU
		{D390A4AF-5093-4BA3-9060-C243686E73E1}.Debug|Any CPU.Build.0 = Debug|Any CPU
		{D390A4AF-5093-4BA3-9060-C243686E73E1}.Release|Any CPU.ActiveCfg = Release|Any CPU
		{D390A4AF-5093-4BA3-9060-C243686E73E1}.Release|Any CPU.Build.0 = Release|Any CPU
		{F991E3E3-47A1-4EAA-80E5-964E2AF81087}.Debug|Any CPU.ActiveCfg = Debug|Any CPU
		{F991E3E3-47A1-4EAA-80E5-964E2AF81087}.Debug|Any CPU.Build.0 = Debug|Any CPU
		{F991E3E3-47A1-4EAA-80E5-964E2AF81087}.Release|Any CPU.ActiveCfg = Release|Any CPU
		{F991E3E3-47A1-4EAA-80E5-964E2AF81087}.Release|Any CPU.Build.0 = Release|Any CPU
		{79BC50A9-D417-4512-B3BA-13C7D532F884}.Debug|Any CPU.ActiveCfg = Debug|Any CPU
		{79BC50A9-D417-4512-B3BA-13C7D532F884}.Debug|Any CPU.Build.0 = Debug|Any CPU
		{79BC50A9-D417-4512-B3BA-13C7D532F884}.Release|Any CPU.ActiveCfg = Release|Any CPU
		{79BC50A9-D417-4512-B3BA-13C7D532F884}.Release|Any CPU.Build.0 = Release|Any CPU
		{7CA0DE23-57BE-47A2-A8D0-E4762B134393}.Debug|Any CPU.ActiveCfg = Debug|Any CPU
		{7CA0DE23-57BE-47A2-A8D0-E4762B134393}.Debug|Any CPU.Build.0 = Debug|Any CPU
		{7CA0DE23-57BE-47A2-A8D0-E4762B134393}.Release|Any CPU.ActiveCfg = Release|Any CPU
		{7CA0DE23-57BE-47A2-A8D0-E4762B134393}.Release|Any CPU.Build.0 = Release|Any CPU
	EndGlobalSection
	GlobalSection(SolutionProperties) = preSolution
		HideSolutionNode = FALSE
	EndGlobalSection
	GlobalSection(NestedProjects) = preSolution
		{87C44A2B-AAED-4B20-898B-638F9A2ED036} = {1E9855E9-7714-45EE-9BA9-BDA9D6407266}
		{3D9948D6-8F3E-451B-B855-2D2736F65A77} = {1E9855E9-7714-45EE-9BA9-BDA9D6407266}
		{F54F4620-753A-48D6-BD28-9F66402A436A} = {1E9855E9-7714-45EE-9BA9-BDA9D6407266}
		{5212C1E4-E11B-4B6D-9823-EA37C723D4A6} = {1E9855E9-7714-45EE-9BA9-BDA9D6407266}
		{32B82C65-91A7-4718-97BB-118718CDCA86} = {1E9855E9-7714-45EE-9BA9-BDA9D6407266}
		{F6E687CB-9B91-4741-BDB1-B8953BFDD527} = {1E9855E9-7714-45EE-9BA9-BDA9D6407266}
		{E13DA27F-8873-4A0D-BB2F-5132AB17E604} = {1E9855E9-7714-45EE-9BA9-BDA9D6407266}
		{5D4699E3-CD02-41F8-9413-66596D7E9F9A} = {1E9855E9-7714-45EE-9BA9-BDA9D6407266}
		{00419AC9-26EB-4433-B2B6-51B99ED2F23D} = {1E9855E9-7714-45EE-9BA9-BDA9D6407266}
		{7543699A-D457-433F-A413-F6512BA89744} = {1E9855E9-7714-45EE-9BA9-BDA9D6407266}
		{496C9F91-3949-4612-94E3-0F66654F757A} = {1E9855E9-7714-45EE-9BA9-BDA9D6407266}
		{6BF47426-4141-4551-AC72-E6F9B6E7666B} = {1E9855E9-7714-45EE-9BA9-BDA9D6407266}
		{12AA66E1-AA43-42FC-875E-A42CC4E93842} = {CB3F5DD9-D3C7-45A2-919A-C449B28E0ED7}
		{2D111551-785A-4CD5-A1D2-945B0A95C86E} = {CB3F5DD9-D3C7-45A2-919A-C449B28E0ED7}
		{E1DAF42A-E06C-4A5C-B290-00E7A1F17869} = {CB3F5DD9-D3C7-45A2-919A-C449B28E0ED7}
		{D390A4AF-5093-4BA3-9060-C243686E73E1} = {CB3F5DD9-D3C7-45A2-919A-C449B28E0ED7}
		{F991E3E3-47A1-4EAA-80E5-964E2AF81087} = {CB3F5DD9-D3C7-45A2-919A-C449B28E0ED7}
		{79BC50A9-D417-4512-B3BA-13C7D532F884} = {CB3F5DD9-D3C7-45A2-919A-C449B28E0ED7}
		{7CA0DE23-57BE-47A2-A8D0-E4762B134393} = {CB3F5DD9-D3C7-45A2-919A-C449B28E0ED7}
	EndGlobalSection
EndGlobal
